github.com/moby/moby v26.0.2+incompatible h1:t41TD3nRvK8E6bZFJdKrmNlH8Xe3epTmdNXf/mnfLKk=
github.com/moby/moby v26.0.2+incompatible/go.mod h1:fDXVQ6+S340veQPv35CzDahGBmHsiclFwfEygB/TWMc=
github.com/opencontainers/go-digest v1.0.0 h1:apOUWs51W5PlhuyGyz9FCeeBIOUDA/6nW8Oi/yOhh5U=
github.com/opencontainers/go-digest v1.0.0/go.mod h1:0JzlMkj0TRzQZfJkVvzbP0HBR3IKzErnv2BNG4W4MAM=
