github.com/moby/moby v20.10.9+incompatible h1:fzBLeWWduR/GQCWZe6MDL8t8qKr6Nhpgd2sLzhdVBuk=
github.com/moby/moby v20.10.9+incompatible/go.mod h1:fDXVQ6+S340veQPv35CzDahGBmHsiclFwfEygB/TWMc=
github.com/opencontainers/go-digest v1.0.0 h1:apOUWs51W5PlhuyGyz9FCeeBIOUDA/6nW8Oi/yOhh5U=
github.com/opencontainers/go-digest v1.0.0/go.mod h1:0JzlMkj0TRzQZfJkVvzbP0HBR3IKzErnv2BNG4W4MAM=
